
Microsoft Visual Studio Solution File, Format Version 12.00
# Visual Studio Version 17
VisualStudioVersion = 17.5.33502.453
MinimumVisualStudioVersion = 10.0.40219.1
Project("{FAE04EC0-301F-11D3-BF4B-00C04F79EFBC}") = "GroupBox Kontrollü Uygulama", "GroupBox Kontrollü Uygulama\GroupBox Kontrollü Uygulama.csproj", "{24C48FE7-245D-4E3E-925C-BC55B5299661}"
EndProject
Project("{FAE04EC0-301F-11D3-BF4B-00C04F79EFBC}") = "WinFormsApp2", "WinFormsApp2\WinFormsApp2.csproj", "{068F3F8A-FF92-4D36-BCA3-B3BB852FEE70}"
EndProject
Global
	GlobalSection(SolutionConfigurationPlatforms) = preSolution
		Debug|Any CPU = Debug|Any CPU
		Release|Any CPU = Release|Any CPU
	EndGlobalSection
	GlobalSection(ProjectConfigurationPlatforms) = postSolution
		{24C48FE7-245D-4E3E-925C-BC55B5299661}.Debug|Any CPU.ActiveCfg = Debug|Any CPU
		{24C48FE7-245D-4E3E-925C-BC55B5299661}.Debug|Any CPU.Build.0 = Debug|Any CPU
		{24C48FE7-245D-4E3E-925C-BC55B5299661}.Release|Any CPU.ActiveCfg = Release|Any CPU
		{24C48FE7-245D-4E3E-925C-BC55B5299661}.Release|Any CPU.Build.0 = Release|Any CPU
		{068F3F8A-FF92-4D36-BCA3-B3BB852FEE70}.Debug|Any CPU.ActiveCfg = Debug|Any CPU
		{068F3F8A-FF92-4D36-BCA3-B3BB852FEE70}.Debug|Any CPU.Build.0 = Debug|Any CPU
		{068F3F8A-FF92-4D36-BCA3-B3BB852FEE70}.Release|Any CPU.ActiveCfg = Release|Any CPU
		{068F3F8A-FF92-4D36-BCA3-B3BB852FEE70}.Release|Any CPU.Build.0 = Release|Any CPU
	EndGlobalSection
	GlobalSection(SolutionProperties) = preSolution
		HideSolutionNode = FALSE
	EndGlobalSection
	GlobalSection(ExtensibilityGlobals) = postSolution
		SolutionGuid = {A87C4646-3CA4-4EE6-AB88-74F161295DE9}
	EndGlobalSection
EndGlobal
